{
  "name": "fileuploade",
  "version": "1.0.0",
  "lockfileVersion": 3,
  "requires": true,
  "packages": {
    "": {
      "name": "fileuploade",
      "version": "1.0.0",
      "license": "MIT",
      "dependencies": {
        "admodelkeywords": "^1.0.1"
      }
    },
    "node_modules/admodelkeywords": {
      "version": "1.0.1",
      "resolved": "https://registry.npmjs.org/admodelkeywords/-/admodelkeywords-1.0.1.tgz",
      "integrity": "sha512-Pi3KnOl9CVxBfMOwT15AxcNSW/ZvjlNlbL0ETpO1v3Ay2YMRCHKkqY3Pv2EXsUfUqg6au1/1oQQ3mJ9XsZd32Q==",
      "dependencies": {
        "fileuploade": "^1.0.0"
      }
    },
    "node_modules/fileuploade": {
      "version": "1.0.0",
      "resolved": "https://registry.npmjs.org/fileuploade/-/fileuploade-1.0.0.tgz",
      "integrity": "sha512-Y9Kqj5G7NIqhVR0rRxGfAINIPIZyU3bYYlf1WQHkJQwlIih49se94gmR5J4OTC8h2ucblS607ZG4K9iVkZyp0w=="
    }
  }
}
